
Microsoft Visual Studio Solution File, Format Version 12.00
# Visual Studio Version 17
VisualStudioVersion = 17.5.33627.172
MinimumVisualStudioVersion = 10.0.40219.1
Project("{FAE04EC0-301F-11D3-BF4B-00C04F79EFBC}") = "TechSpecs", "TechSpecs.csproj", "{A66844D7-619F-4C2C-8696-9E06DA099798}"
EndProject
Global
	GlobalSection(SolutionConfigurationPlatforms) = preSolution
		Debug|Any CPU = Debug|Any CPU
		Release|Any CPU = Release|Any CPU
	EndGlobalSection
	GlobalSection(ProjectConfigurationPlatforms) = postSolution
		{A66844D7-619F-4C2C-8696-9E06DA099798}.Debug|Any CPU.ActiveCfg = Debug|Any CPU
		{A66844D7-619F-4C2C-8696-9E06DA099798}.Debug|Any CPU.Build.0 = Debug|Any CPU
		{A66844D7-619F-4C2C-8696-9E06DA099798}.Release|Any CPU.ActiveCfg = Release|Any CPU
		{A66844D7-619F-4C2C-8696-9E06DA099798}.Release|Any CPU.Build.0 = Release|Any CPU
	EndGlobalSection
	GlobalSection(SolutionProperties) = preSolution
		HideSolutionNode = FALSE
	EndGlobalSection
	GlobalSection(ExtensibilityGlobals) = postSolution
		SolutionGuid = {9011916E-9554-4779-9F7E-22E6AB2E3423}
	EndGlobalSection
EndGlobal
